// !$*UTF8*$!
{
	archiveVersion = 1;
	classes = {
	};
	objectVersion = 46;
	objects = {

/* Begin PBXBuildFile section */
		9FE891401F5094CF00E37209 /* AppDelegate.swift in Sources */ = {isa = PBXBuildFile; fileRef = 9FE8913F1F5094CF00E37209 /* AppDelegate.swift */; };
		9FE891421F5094CF00E37209 /* SearchResultsViewController.swift in Sources */ = {isa = PBXBuildFile; fileRef = 9FE891411F5094CF00E37209 /* SearchResultsViewController.swift */; };
		9FE891451F5094CF00E37209 /* Main.storyboard in Resources */ = {isa = PBXBuildFile; fileRef = 9FE891431F5094CF00E37209 /* Main.storyboard */; };
		9FE891471F5094CF00E37209 /* Assets.xcassets in Resources */ = {isa = PBXBuildFile; fileRef = 9FE891461F5094CF00E37209 /* Assets.xcassets */; };
		9FE8914A1F5094CF00E37209 /* LaunchScreen.storyboard in Resources */ = {isa = PBXBuildFile; fileRef = 9FE891481F5094CF00E37209 /* LaunchScreen.storyboard */; };
		9FE891551F5094CF00E37209 /* HelloWorldTests.swift in Sources */ = {isa = PBXBuildFile; fileRef = 9FE891541F5094CF00E37209 /* HelloWorldTests.swift */; };
		9FE891601F5094CF00E37209 /* HelloWorldUITests.swift in Sources */ = {isa = PBXBuildFile; fileRef = 9FE8915F1F5094CF00E37209 /* HelloWorldUITests.swift */; };
		9FE8916E1F50A42300E37209 /* APIController.swift in Sources */ = {isa = PBXBuildFile; fileRef = 9FE8916D1F50A42300E37209 /* APIController.swift */; };
		9FE891701F50C63C00E37209 /* Album.swift in Sources */ = {isa = PBXBuildFile; fileRef = 9FE8916F1F50C63C00E37209 /* Album.swift */; };
/* End PBXBuildFile section */

/* Begin PBXContainerItemProxy section */
		9FE891511F5094CF00E37209 /* PBXContainerItemProxy */ = {
			isa = PBXContainerItemProxy;
			containerPortal = 9FE891341F5094CF00E37209 /* Project object */;
			proxyType = 1;
			remoteGlobalIDString = 9FE8913B1F5094CF00E37209;
			remoteInfo = HelloWorld;
		};
		9FE8915C1F5094CF00E37209 /* PBXContainerItemProxy */ = {
			isa = PBXContainerItemProxy;
			containerPortal = 9FE891341F5094CF00E37209 /* Project object */;
			proxyType = 1;
			remoteGlobalIDString = 9FE8913B1F5094CF00E37209;
			remoteInfo = HelloWorld;
		};
/* End PBXContainerItemProxy section */

/* Begin PBXFileReference section */
		9FE8913C1F5094CF00E37209 /* HelloWorld.app */ = {isa = PBXFileReference; explicitFileType = wrapper.application; includeInIndex = 0; path = HelloWorld.app; sourceTree = BUILT_PRODUCTS_DIR; };
		9FE8913F1F5094CF00E37209 /* AppDelegate.swift */ = {isa = PBXFileReference; lastKnownFileType = sourcecode.swift; path = AppDelegate.swift; sourceTree = "<group>"; };
		9FE891411F5094CF00E37209 /* SearchResultsViewController.swift */ = {isa = PBXFileReference; lastKnownFileType = sourcecode.swift; path = SearchResultsViewController.swift; sourceTree = "<group>"; };
		9FE891441F5094CF00E37209 /* Base */ = {isa = PBXFileReference; lastKnownFileType = file.storyboard; name = Base; path = Base.lproj/Main.storyboard; sourceTree = "<group>"; };
		9FE891461F5094CF00E37209 /* Assets.xcassets */ = {isa = PBXFileReference; lastKnownFileType = folder.assetcatalog; path = Assets.xcassets; sourceTree = "<group>"; };
		9FE891491F5094CF00E37209 /* Base */ = {isa = PBXFileReference; lastKnownFileType = file.storyboard; name = Base; path = Base.lproj/LaunchScreen.storyboard; sourceTree = "<group>"; };
		9FE8914B1F5094CF00E37209 /* Info.plist */ = {isa = PBXFileReference; lastKnownFileType = text.plist.xml; path = Info.plist; sourceTree = "<group>"; };
		9FE891501F5094CF00E37209 /* HelloWorldTests.xctest */ = {isa = PBXFileReference; explicitFileType = wrapper.cfbundle; includeInIndex = 0; path = HelloWorldTests.xctest; sourceTree = BUILT_PRODUCTS_DIR; };
		9FE891541F5094CF00E37209 /* HelloWorldTests.swift */ = {isa = PBXFileReference; lastKnownFileType = sourcecode.swift; path = HelloWorldTests.swift; sourceTree = "<group>"; };
		9FE891561F5094CF00E37209 /* Info.plist */ = {isa = PBXFileReference; lastKnownFileType = text.plist.xml; path = Info.plist; sourceTree = "<group>"; };
		9FE8915B1F5094CF00E37209 /* HelloWorldUITests.xctest */ = {isa = PBXFileReference; explicitFileType = wrapper.cfbundle; includeInIndex = 0; path = HelloWorldUITests.xctest; sourceTree = BUILT_PRODUCTS_DIR; };
		9FE8915F1F5094CF00E37209 /* HelloWorldUITests.swift */ = {isa = PBXFileReference; lastKnownFileType = sourcecode.swift; path = HelloWorldUITests.swift; sourceTree = "<group>"; };
		9FE891611F5094CF00E37209 /* Info.plist */ = {isa = PBXFileReference; lastKnownFileType = text.plist.xml; path = Info.plist; sourceTree = "<group>"; };
		9FE8916D1F50A42300E37209 /* APIController.swift */ = {isa = PBXFileReference; fileEncoding = 4; lastKnownFileType = sourcecode.swift; path = APIController.swift; sourceTree = "<group>"; };
		9FE8916F1F50C63C00E37209 /* Album.swift */ = {isa = PBXFileReference; fileEncoding = 4; lastKnownFileType = sourcecode.swift; path = Album.swift; sourceTree = "<group>"; };
/* End PBXFileReference section */

/* Begin PBXFrameworksBuildPhase section */
		9FE891391F5094CF00E37209 /* Frameworks */ = {
			isa = PBXFrameworksBuildPhase;
			buildActionMask = 2147483647;
			files = (
			);
			runOnlyForDeploymentPostprocessing = 0;
		};
		9FE8914D1F5094CF00E37209 /* Frameworks */ = {
			isa = PBXFrameworksBuildPhase;
			buildActionMask = 2147483647;
			files = (
			);
			runOnlyForDeploymentPostprocessing = 0;
		};
		9FE891581F5094CF00E37209 /* Frameworks */ = {
			isa = PBXFrameworksBuildPhase;
			buildActionMask = 2147483647;
			files = (
			);
			runOnlyForDeploymentPostprocessing = 0;
		};
/* End PBXFrameworksBuildPhase section */

/* Begin PBXGroup section */
		9FE891331F5094CF00E37209 = {
			isa = PBXGroup;
			children = (
				9FE8913E1F5094CF00E37209 /* HelloWorld */,
				9FE891531F5094CF00E37209 /* HelloWorldTests */,
				9FE8915E1F5094CF00E37209 /* HelloWorldUITests */,
				9FE8913D1F5094CF00E37209 /* Products */,
			);
			sourceTree = "<group>";
		};
		9FE8913D1F5094CF00E37209 /* Products */ = {
			isa = PBXGroup;
			children = (
				9FE8913C1F5094CF00E37209 /* HelloWorld.app */,
				9FE891501F5094CF00E37209 /* HelloWorldTests.xctest */,
				9FE8915B1F5094CF00E37209 /* HelloWorldUITests.xctest */,
			);
			name = Products;
			sourceTree = "<group>";
		};
		9FE8913E1F5094CF00E37209 /* HelloWorld */ = {
			isa = PBXGroup;
			children = (
				9FE8913F1F5094CF00E37209 /* AppDelegate.swift */,
				9FE891411F5094CF00E37209 /* SearchResultsViewController.swift */,
				9FE891431F5094CF00E37209 /* Main.storyboard */,
				9FE891461F5094CF00E37209 /* Assets.xcassets */,
				9FE891481F5094CF00E37209 /* LaunchScreen.storyboard */,
				9FE8914B1F5094CF00E37209 /* Info.plist */,
				9FE8916D1F50A42300E37209 /* APIController.swift */,
				9FE8916F1F50C63C00E37209 /* Album.swift */,
			);
			path = HelloWorld;
			sourceTree = "<group>";
		};
		9FE891531F5094CF00E37209 /* HelloWorldTests */ = {
			isa = PBXGroup;
			children = (
				9FE891541F5094CF00E37209 /* HelloWorldTests.swift */,
				9FE891561F5094CF00E37209 /* Info.plist */,
			);
			path = HelloWorldTests;
			sourceTree = "<group>";
		};
		9FE8915E1F5094CF00E37209 /* HelloWorldUITests */ = {
			isa = PBXGroup;
			children = (
				9FE8915F1F5094CF00E37209 /* HelloWorldUITests.swift */,
				9FE891611F5094CF00E37209 /* Info.plist */,
			);
			path = HelloWorldUITests;
			sourceTree = "<group>";
		};
/* End PBXGroup section */

/* Begin PBXNativeTarget section */
		9FE8913B1F5094CF00E37209 /* HelloWorld */ = {
			isa = PBXNativeTarget;
			buildConfigurationList = 9FE891641F5094CF00E37209 /* Build configuration list for PBXNativeTarget "HelloWorld" */;
			buildPhases = (
				9FE891381F5094CF00E37209 /* Sources */,
				9FE891391F5094CF00E37209 /* Frameworks */,
				9FE8913A1F5094CF00E37209 /* Resources */,
			);
			buildRules = (
			);
			dependencies = (
			);
			name = HelloWorld;
			productName = HelloWorld;
			productReference = 9FE8913C1F5094CF00E37209 /* HelloWorld.app */;
			productType = "com.apple.product-type.application";
		};
		9FE8914F1F5094CF00E37209 /* HelloWorldTests */ = {
			isa = PBXNativeTarget;
			buildConfigurationList = 9FE891671F5094CF00E37209 /* Build configuration list for PBXNativeTarget "HelloWorldTests" */;
			buildPhases = (
				9FE8914C1F5094CF00E37209 /* Sources */,
				9FE8914D1F5094CF00E37209 /* Frameworks */,
				9FE8914E1F5094CF00E37209 /* Resources */,
			);
			buildRules = (
			);
			dependencies = (
				9FE891521F5094CF00E37209 /* PBXTargetDependency */,
			);
			name = HelloWorldTests;
			productName = HelloWorldTests;
			productReference = 9FE891501F5094CF00E37209 /* HelloWorldTests.xctest */;
			productType = "com.apple.product-type.bundle.unit-test";
		};
		9FE8915A1F5094CF00E37209 /* HelloWorldUITests */ = {
			isa = PBXNativeTarget;
			buildConfigurationList = 9FE8916A1F5094CF00E37209 /* Build configuration list for PBXNativeTarget "HelloWorldUITests" */;
			buildPhases = (
				9FE891571F5094CF00E37209 /* Sources */,
				9FE891581F5094CF00E37209 /* Frameworks */,
				9FE891591F5094CF00E37209 /* Resources */,
			);
			buildRules = (
			);
			dependencies = (
				9FE8915D1F5094CF00E37209 /* PBXTargetDependency */,
			);
			name = HelloWorldUITests;
			productName = HelloWorldUITests;
			productReference = 9FE8915B1F5094CF00E37209 /* HelloWorldUITests.xctest */;
			productType = "com.apple.product-type.bundle.ui-testing";
		};
/* End PBXNativeTarget section */

/* Begin PBXProject section */
		9FE891341F5094CF00E37209 /* Project object */ = {
			isa = PBXProject;
			attributes = {
				LastSwiftUpdateCheck = 0830;
				LastUpgradeCheck = 0830;
				ORGANIZATIONNAME = "Louis Gaume";
				TargetAttributes = {
					9FE8913B1F5094CF00E37209 = {
						CreatedOnToolsVersion = 8.3.3;
						ProvisioningStyle = Automatic;
					};
					9FE8914F1F5094CF00E37209 = {
						CreatedOnToolsVersion = 8.3.3;
						ProvisioningStyle = Automatic;
						TestTargetID = 9FE8913B1F5094CF00E37209;
					};
					9FE8915A1F5094CF00E37209 = {
						CreatedOnToolsVersion = 8.3.3;
						ProvisioningStyle = Automatic;
						TestTargetID = 9FE8913B1F5094CF00E37209;
					};
				};
			};
			buildConfigurationList = 9FE891371F5094CF00E37209 /* Build configuration list for PBXProject "HelloWorld" */;
			compatibilityVersion = "Xcode 3.2";
			developmentRegion = English;
			hasScannedForEncodings = 0;
			knownRegions = (
				en,
				Base,
			);
			mainGroup = 9FE891331F5094CF00E37209;
			productRefGroup = 9FE8913D1F5094CF00E37209 /* Products */;
			projectDirPath = "";
			projectRoot = "";
			targets = (
				9FE8913B1F5094CF00E37209 /* HelloWorld */,
				9FE8914F1F5094CF00E37209 /* HelloWorldTests */,
				9FE8915A1F5094CF00E37209 /* HelloWorldUITests */,
			);
		};
/* End PBXProject section */

/* Begin PBXResourcesBuildPhase section */
		9FE8913A1F5094CF00E37209 /* Resources */ = {
			isa = PBXResourcesBuildPhase;
			buildActionMask = 2147483647;
			files = (
				9FE8914A1F5094CF00E37209 /* LaunchScreen.storyboard in Resources */,
				9FE891471F5094CF00E37209 /* Assets.xcassets in Resources */,
				9FE891451F5094CF00E37209 /* Main.storyboard in Resources */,
			);
			runOnlyForDeploymentPostprocessing = 0;
		};
		9FE8914E1F5094CF00E37209 /* Resources */ = {
			isa = PBXResourcesBuildPhase;
			buildActionMask = 2147483647;
			files = (
			);
			runOnlyForDeploymentPostprocessing = 0;
		};
		9FE891591F5094CF00E37209 /* Resources */ = {
			isa = PBXResourcesBuildPhase;
			buildActionMask = 2147483647;
			files = (
			);
			runOnlyForDeploymentPostprocessing = 0;
		};
/* End PBXResourcesBuildPhase section */

/* Begin PBXSourcesBuildPhase section */
		9FE891381F5094CF00E37209 /* Sources */ = {
			isa = PBXSourcesBuildPhase;
			buildActionMask = 2147483647;
			files = (
				9FE891421F5094CF00E37209 /* SearchResultsViewController.swift in Sources */,
				9FE891401F5094CF00E37209 /* AppDelegate.swift in Sources */,
				9FE8916E1F50A42300E37209 /* APIController.swift in Sources */,
				9FE891701F50C63C00E37209 /* Album.swift in Sources */,
			);
			runOnlyForDeploymentPostprocessing = 0;
		};
		9FE8914C1F5094CF00E37209 /* Sources */ = {
			isa = PBXSourcesBuildPhase;
			buildActionMask = 2147483647;
			files = (
				9FE891551F5094CF00E37209 /* HelloWorldTests.swift in Sources */,
			);
			runOnlyForDeploymentPostprocessing = 0;
		};
		9FE891571F5094CF00E37209 /* Sources */ = {
			isa = PBXSourcesBuildPhase;
			buildActionMask = 2147483647;
			files = (
				9FE891601F5094CF00E37209 /* HelloWorldUITests.swift in Sources */,
			);
			runOnlyForDeploymentPostprocessing = 0;
		};
/* End PBXSourcesBuildPhase section */

/* Begin PBXTargetDependency section */
		9FE891521F5094CF00E37209 /* PBXTargetDependency */ = {
			isa = PBXTargetDependency;
			target = 9FE8913B1F5094CF00E37209 /* HelloWorld */;
			targetProxy = 9FE891511F5094CF00E37209 /* PBXContainerItemProxy */;
		};
		9FE8915D1F5094CF00E37209 /* PBXTargetDependency */ = {
			isa = PBXTargetDependency;
			target = 9FE8913B1F5094CF00E37209 /* HelloWorld */;
			targetProxy = 9FE8915C1F5094CF00E37209 /* PBXContainerItemProxy */;
		};
/* End PBXTargetDependency section */

/* Begin PBXVariantGroup section */
		9FE891431F5094CF00E37209 /* Main.storyboard */ = {
			isa = PBXVariantGroup;
			children = (
				9FE891441F5094CF00E37209 /* Base */,
			);
			name = Main.storyboard;
			sourceTree = "<group>";
		};
		9FE891481F5094CF00E37209 /* LaunchScreen.storyboard */ = {
			isa = PBXVariantGroup;
			children = (
				9FE891491F5094CF00E37209 /* Base */,
			);
			name = LaunchScreen.storyboard;
			sourceTree = "<group>";
		};
/* End PBXVariantGroup section */

/* Begin XCBuildConfiguration section */
		9FE891621F5094CF00E37209 /* Debug */ = {
			isa = XCBuildConfiguration;
			buildSettings = {
				ALWAYS_SEARCH_USER_PATHS = NO;
				CLANG_ANALYZER_NONNULL = YES;
				CLANG_ANALYZER_NUMBER_OBJECT_CONVERSION = YES_AGGRESSIVE;
				CLANG_CXX_LANGUAGE_STANDARD = "gnu++0x";
				CLANG_CXX_LIBRARY = "libc++";
				CLANG_ENABLE_MODULES = YES;
				CLANG_ENABLE_OBJC_ARC = YES;
				CLANG_WARN_BOOL_CONVERSION = YES;
				CLANG_WARN_CONSTANT_CONVERSION = YES;
				CLANG_WARN_DIRECT_OBJC_ISA_USAGE = YES_ERROR;
				CLANG_WARN_DOCUMENTATION_COMMENTS = YES;
				CLANG_WARN_EMPTY_BODY = YES;
				CLANG_WARN_ENUM_CONVERSION = YES;
				CLANG_WARN_INFINITE_RECURSION = YES;
				CLANG_WARN_INT_CONVERSION = YES;
				CLANG_WARN_OBJC_ROOT_CLASS = YES_ERROR;
				CLANG_WARN_SUSPICIOUS_MOVE = YES;
				CLANG_WARN_UNREACHABLE_CODE = YES;
				CLANG_WARN__DUPLICATE_METHOD_MATCH = YES;
				"CODE_SIGN_IDENTITY[sdk=iphoneos*]" = "iPhone Developer";
				COPY_PHASE_STRIP = NO;
				DEBUG_INFORMATION_FORMAT = dwarf;
				ENABLE_STRICT_OBJC_MSGSEND = YES;
				ENABLE_TESTABILITY = YES;
				GCC_C_LANGUAGE_STANDARD = gnu99;
				GCC_DYNAMIC_NO_PIC = NO;
				GCC_NO_COMMON_BLOCKS = YES;
				GCC_OPTIMIZATION_LEVEL = 0;
				GCC_PREPROCESSOR_DEFINITIONS = (
					"DEBUG=1",
					"$(inherited)",
				);
				GCC_WARN_64_TO_32_BIT_CONVERSION = YES;
				GCC_WARN_ABOUT_RETURN_TYPE = YES_ERROR;
				GCC_WARN_UNDECLARED_SELECTOR = YES;
				GCC_WARN_UNINITIALIZED_AUTOS = YES_AGGRESSIVE;
				GCC_WARN_UNUSED_FUNCTION = YES;
				GCC_WARN_UNUSED_VARIABLE = YES;
				IPHONEOS_DEPLOYMENT_TARGET = 10.3;
				MTL_ENABLE_DEBUG_INFO = YES;
				ONLY_ACTIVE_ARCH = YES;
				SDKROOT = iphoneos;
				SWIFT_ACTIVE_COMPILATION_CONDITIONS = DEBUG;
				SWIFT_OPTIMIZATION_LEVEL = "-Onone";
				TARGETED_DEVICE_FAMILY = "1,2";
			};
			name = Debug;
		};
		9FE891631F5094CF00E37209 /* Release */ = {
			isa = XCBuildConfiguration;
			buildSettings = {
				ALWAYS_SEARCH_USER_PATHS = NO;
				CLANG_ANALYZER_NONNULL = YES;
				CLANG_ANALYZER_NUMBER_OBJECT_CONVERSION = YES_AGGRESSIVE;
				CLANG_CXX_LANGUAGE_STANDARD = "gnu++0x";
				CLANG_CXX_LIBRARY = "libc++";
				CLANG_ENABLE_MODULES = YES;
				CLANG_ENABLE_OBJC_ARC = YES;
				CLANG_WARN_BOOL_CONVERSION = YES;
				CLANG_WARN_CONSTANT_CONVERSION = YES;
				CLANG_WARN_DIRECT_OBJC_ISA_USAGE = YES_ERROR;
				CLANG_WARN_DOCUMENTATION_COMMENTS = YES;
				CLANG_WARN_EMPTY_BODY = YES;
				CLANG_WARN_ENUM_CONVERSION = YES;
				CLANG_WARN_INFINITE_RECURSION = YES;
				CLANG_WARN_INT_CONVERSION = YES;
				CLANG_WARN_OBJC_ROOT_CLASS = YES_ERROR;
				CLANG_WARN_SUSPICIOUS_MOVE = YES;
				CLANG_WARN_UNREACHABLE_CODE = YES;
				CLANG_WARN__DUPLICATE_METHOD_MATCH = YES;
				"CODE_SIGN_IDENTITY[sdk=iphoneos*]" = "iPhone Developer";
				COPY_PHASE_STRIP = NO;
				DEBUG_INFORMATION_FORMAT = "dwarf-with-dsym";
				ENABLE_NS_ASSERTIONS = NO;
				ENABLE_STRICT_OBJC_MSGSEND = YES;
				GCC_C_LANGUAGE_STANDARD = gnu99;
				GCC_NO_COMMON_BLOCKS = YES;
				GCC_WARN_64_TO_32_BIT_CONVERSION = YES;
				GCC_WARN_ABOUT_RETURN_TYPE = YES_ERROR;
				GCC_WARN_UNDECLARED_SELECTOR = YES;
				GCC_WARN_UNINITIALIZED_AUTOS = YES_AGGRESSIVE;
				GCC_WARN_UNUSED_FUNCTION = YES;
				GCC_WARN_UNUSED_VARIABLE = YES;
				IPHONEOS_DEPLOYMENT_TARGET = 10.3;
				MTL_ENABLE_DEBUG_INFO = NO;
				SDKROOT = iphoneos;
				SWIFT_OPTIMIZATION_LEVEL = "-Owholemodule";
				TARGETED_DEVICE_FAMILY = "1,2";
				VALIDATE_PRODUCT = YES;
			};
			name = Release;
		};
		9FE891651F5094CF00E37209 /* Debug */ = {
			isa = XCBuildConfiguration;
			buildSettings = {
				ASSETCATALOG_COMPILER_APPICON_NAME = AppIcon;
				INFOPLIST_FILE = HelloWorld/Info.plist;
				LD_RUNPATH_SEARCH_PATHS = "$(inherited) @executable_path/Frameworks";
				PRODUCT_BUNDLE_IDENTIFIER = louisgaume.HelloWorld;
				PRODUCT_NAME = "$(TARGET_NAME)";
				SWIFT_VERSION = 3.0;
			};
			name = Debug;
		};
		9FE891661F5094CF00E37209 /* Release */ = {
			isa = XCBuildConfiguration;
			buildSettings = {
				ASSETCATALOG_COMPILER_APPICON_NAME = AppIcon;
				INFOPLIST_FILE = HelloWorld/Info.plist;
				LD_RUNPATH_SEARCH_PATHS = "$(inherited) @executable_path/Frameworks";
				PRODUCT_BUNDLE_IDENTIFIER = louisgaume.HelloWorld;
				PRODUCT_NAME = "$(TARGET_NAME)";
				SWIFT_VERSION = 3.0;
			};
			name = Release;
		};
		9FE891681F5094CF00E37209 /* Debug */ = {
			isa = XCBuildConfiguration;
			buildSettings = {
				ALWAYS_EMBED_SWIFT_STANDARD_LIBRARIES = YES;
				BUNDLE_LOADER = "$(TEST_HOST)";
				INFOPLIST_FILE = HelloWorldTests/Info.plist;
				LD_RUNPATH_SEARCH_PATHS = "$(inherited) @executable_path/Frameworks @loader_path/Frameworks";
				PRODUCT_BUNDLE_IDENTIFIER = louisgaume.HelloWorldTests;
				PRODUCT_NAME = "$(TARGET_NAME)";
				SWIFT_VERSION = 3.0;
				TEST_HOST = "$(BUILT_PRODUCTS_DIR)/HelloWorld.app/HelloWorld";
			};
			name = Debug;
		};
		9FE891691F5094CF00E37209 /* Release */ = {
			isa = XCBuildConfiguration;
			buildSettings = {
				ALWAYS_EMBED_SWIFT_STANDARD_LIBRARIES = YES;
				BUNDLE_LOADER = "$(TEST_HOST)";
				INFOPLIST_FILE = HelloWorldTests/Info.plist;
				LD_RUNPATH_SEARCH_PATHS = "$(inherited) @executable_path/Frameworks @loader_path/Frameworks";
				PRODUCT_BUNDLE_IDENTIFIER = louisgaume.HelloWorldTests;
				PRODUCT_NAME = "$(TARGET_NAME)";
				SWIFT_VERSION = 3.0;
				TEST_HOST = "$(BUILT_PRODUCTS_DIR)/HelloWorld.app/HelloWorld";
			};
			name = Release;
		};
		9FE8916B1F5094CF00E37209 /* Debug */ = {
			isa = XCBuildConfiguration;
			buildSettings = {
				ALWAYS_EMBED_SWIFT_STANDARD_LIBRARIES = YES;
				INFOPLIST_FILE = HelloWorldUITests/Info.plist;
				LD_RUNPATH_SEARCH_PATHS = "$(inherited) @executable_path/Frameworks @loader_path/Frameworks";
				PRODUCT_BUNDLE_IDENTIFIER = louisgaume.HelloWorldUITests;
				PRODUCT_NAME = "$(TARGET_NAME)";
				SWIFT_VERSION = 3.0;
				TEST_TARGET_NAME = HelloWorld;
			};
			name = Debug;
		};
		9FE8916C1F5094CF00E37209 /* Release */ = {
			isa = XCBuildConfiguration;
			buildSettings = {
				ALWAYS_EMBED_SWIFT_STANDARD_LIBRARIES = YES;
				INFOPLIST_FILE = HelloWorldUITests/Info.plist;
				LD_RUNPATH_SEARCH_PATHS = "$(inherited) @executable_path/Frameworks @loader_path/Frameworks";
				PRODUCT_BUNDLE_IDENTIFIER = louisgaume.HelloWorldUITests;
				PRODUCT_NAME = "$(TARGET_NAME)";
				SWIFT_VERSION = 3.0;
				TEST_TARGET_NAME = HelloWorld;
			};
			name = Release;
		};
/* End XCBuildConfiguration section */

/* Begin XCConfigurationList section */
		9FE891371F5094CF00E37209 /* Build configuration list for PBXProject "HelloWorld" */ = {
			isa = XCConfigurationList;
			buildConfigurations = (
				9FE891621F5094CF00E37209 /* Debug */,
				9FE891631F5094CF00E37209 /* Release */,
			);
			defaultConfigurationIsVisible = 0;
			defaultConfigurationName = Release;
		};
		9FE891641F5094CF00E37209 /* Build configuration list for PBXNativeTarget "HelloWorld" */ = {
			isa = XCConfigurationList;
			buildConfigurations = (
				9FE891651F5094CF00E37209 /* Debug */,
				9FE891661F5094CF00E37209 /* Release */,
			);
			defaultConfigurationIsVisible = 0;
		};
		9FE891671F5094CF00E37209 /* Build configuration list for PBXNativeTarget "HelloWorldTests" */ = {
			isa = XCConfigurationList;
			buildConfigurations = (
				9FE891681F5094CF00E37209 /* Debug */,
				9FE891691F5094CF00E37209 /* Release */,
			);
			defaultConfigurationIsVisible = 0;
		};
		9FE8916A1F5094CF00E37209 /* Build configuration list for PBXNativeTarget "HelloWorldUITests" */ = {
			isa = XCConfigurationList;
			buildConfigurations = (
				9FE8916B1F5094CF00E37209 /* Debug */,
				9FE8916C1F5094CF00E37209 /* Release */,
			);
			defaultConfigurationIsVisible = 0;
		};
/* End XCConfigurationList section */
	};
	rootObject = 9FE891341F5094CF00E37209 /* Project object */;
}
